<?xml version="1.0" encoding="UTF-8" standalone="yes" ?>
<CodeBlocks_project_file>
	<FileVersion major="1" minor="6" />
	<Project>
		<Option title="MASMIF" />
		<Option pch_mode="2" />
		<Option compiler="gcc" />
		<Build>
			<Target title="Debug">
				<Option output="bin/Debug/MASMIF" prefix_auto="1" extension_auto="1" />
				<Option object_output="obj/Debug/" />
				<Option type="1" />
				<Option compiler="gcc" />
				<Compiler>
					<Add option="-g" />
				</Compiler>
				<Linker>
					<Add option="-static" />
				</Linker>
			</Target>
			<Target title="Release">
				<Option output="bin/Release/MASMIF" prefix_auto="1" extension_auto="1" />
				<Option object_output="obj/Release/" />
				<Option type="1" />
				<Option compiler="gcc" />
				<Compiler>
					<Add option="-O2" />
				</Compiler>
				<Linker>
					<Add option="-s" />
					<Add option="-static" />
				</Linker>
			</Target>
		</Build>
		<Compiler>
			<Add option="-Wall" />
			<Add option="-fexceptions" />
			<Add option="-masm=intel" />
		</Compiler>
		<Linker>
			<Add option="-static" />
			<Add library="comdlg32" />
		</Linker>
		<Unit filename="main.cpp" />
		<Unit filename="scripts/Globals.cpp" />
		<Unit filename="scripts/Globals.hpp" />
		<Unit filename="scripts/driver/AsmConverter.cpp" />
		<Unit filename="scripts/driver/AsmConverter.hpp" />
		<Unit filename="scripts/driver/AsmParser.cpp" />
		<Unit filename="scripts/driver/AsmParser.hpp" />
		<Unit filename="scripts/driver/BinaryPatcher.cpp" />
		<Unit filename="scripts/driver/BinaryPatcher.hpp" />
		<Unit filename="scripts/driver/BuildDriver.cpp" />
		<Unit filename="scripts/driver/BuildDriver.hpp" />
		<Unit filename="scripts/driver/CodeGenerator.cpp" />
		<Unit filename="scripts/driver/CodeGenerator.hpp" />
		<Unit filename="scripts/driver/ContentAnalyser.cpp" />
		<Unit filename="scripts/driver/ContentAnalyser.hpp" />
		<Unit filename="scripts/driver/DebugLabelGenerator.cpp" />
		<Unit filename="scripts/driver/DebugLabelGenerator.hpp" />
		<Unit filename="scripts/driver/Lexer.cpp" />
		<Unit filename="scripts/driver/Lexer.hpp" />
		<Unit filename="scripts/driver/Lexicon.cpp" />
		<Unit filename="scripts/driver/Lexicon.hpp" />
		<Unit filename="scripts/driver/MapParser.cpp" />
		<Unit filename="scripts/driver/MapParser.hpp" />
		<Unit filename="scripts/driver/Parser.cpp" />
		<Unit filename="scripts/driver/Parser.hpp" />
		<Unit filename="scripts/driver/Preprocessor.cpp" />
		<Unit filename="scripts/driver/Preprocessor.hpp" />
		<Unit filename="scripts/driver/_driver.cpp" />
		<Unit filename="scripts/driver/_driver.hpp" />
		<Unit filename="scripts/menu/ExistingProject.cpp" />
		<Unit filename="scripts/menu/ExistingProject.hpp" />
		<Unit filename="scripts/menu/ExitProgram.cpp" />
		<Unit filename="scripts/menu/ExitProgram.hpp" />
		<Unit filename="scripts/menu/InjectScript.cpp" />
		<Unit filename="scripts/menu/InjectScript.hpp" />
		<Unit filename="scripts/menu/NewProject.cpp" />
		<Unit filename="scripts/menu/NewProject.hpp" />
		<Unit filename="scripts/menu/OpenProjectFolder.cpp" />
		<Unit filename="scripts/menu/OpenProjectFolder.hpp" />
		<Unit filename="scripts/menu/Settings.cpp" />
		<Unit filename="scripts/menu/Settings.hpp" />
		<Unit filename="scripts/menu/Work.cpp" />
		<Unit filename="scripts/menu/Work.hpp" />
		<Unit filename="scripts/menu/_menu.cpp" />
		<Unit filename="scripts/menu/_menu.hpp" />
		<Unit filename="scripts/utils/CppCore/include/BinaryData.hpp" />
		<Unit filename="scripts/utils/CppCore/include/ConsoleInterface.hpp" />
		<Unit filename="scripts/utils/CppCore/include/ConsoleUtils.hpp" />
		<Unit filename="scripts/utils/CppCore/include/FileData.hpp" />
		<Unit filename="scripts/utils/CppCore/include/PEData.hpp" />
		<Unit filename="scripts/utils/CppCore/include/ReadableWinAPI.hpp" />
		<Unit filename="scripts/utils/CppCore/include/StringUtils.hpp" />
		<Unit filename="scripts/utils/CppCore/src/BinaryData.cpp" />
		<Unit filename="scripts/utils/CppCore/src/ConsoleInterface.cpp" />
		<Unit filename="scripts/utils/CppCore/src/ConsoleUtils.cpp" />
		<Unit filename="scripts/utils/CppCore/src/FileData.cpp" />
		<Unit filename="scripts/utils/CppCore/src/PEData.cpp" />
		<Unit filename="scripts/utils/CppCore/src/StringUtils.cpp" />
		<Unit filename="scripts/utils/Declarations/DebugLabel.hpp" />
		<Unit filename="scripts/utils/Declarations/Declaration.hpp" />
		<Unit filename="scripts/utils/Declarations/Map.hpp" />
		<Unit filename="scripts/utils/Declarations/Merge.hpp" />
		<Unit filename="scripts/utils/Declarations/Parsing func.hpp" />
		<Unit filename="scripts/utils/Declarations/Thunk.hpp" />
		<Unit filename="scripts/utils/Declarations/Token.hpp" />
		<Unit filename="scripts/utils/GetPath.cpp" />
		<Unit filename="scripts/utils/GetPath.hpp" />
		<Unit filename="scripts/utils/GetSectionIndex.cpp" />
		<Unit filename="scripts/utils/GetSectionIndex.hpp" />
		<Unit filename="scripts/utils/GetString.cpp" />
		<Unit filename="scripts/utils/GetString.hpp" />
		<Unit filename="scripts/utils/RvaToOffset.cpp" />
		<Unit filename="scripts/utils/RvaToOffset.hpp" />
		<Extensions />
	</Project>
</CodeBlocks_project_file>
