<?xml version="1.0" encoding="UTF-8" standalone="yes" ?>
<CodeBlocks_project_file>
	<FileVersion major="1" minor="6" />
	<Project>
		<Option title="MASMIF" />
		<Option pch_mode="2" />
		<Option compiler="gcc" />
		<Build>
			<Target title="Debug">
				<Option output="bin/Debug/MASMIF" prefix_auto="1" extension_auto="1" />
				<Option object_output="obj/Debug/" />
				<Option type="1" />
				<Option compiler="gcc" />
				<Compiler>
					<Add option="-g" />
				</Compiler>
				<Linker>
					<Add option="-static" />
				</Linker>
			</Target>
			<Target title="Release">
				<Option output="bin/Release/MASMIF" prefix_auto="1" extension_auto="1" />
				<Option object_output="obj/Release/" />
				<Option type="1" />
				<Option compiler="gcc" />
				<Compiler>
					<Add option="-O2" />
				</Compiler>
				<Linker>
					<Add option="-s" />
					<Add option="-static" />
				</Linker>
			</Target>
		</Build>
		<Compiler>
			<Add option="-Wall" />
			<Add option="-fexceptions" />
			<Add option="-masm=intel" />
		</Compiler>
		<Linker>
			<Add option="-static" />
			<Add library="comdlg32" />
		</Linker>
		<Unit filename="CppCore/include/BinaryData.hpp" />
		<Unit filename="CppCore/include/ConsoleInterface.hpp" />
		<Unit filename="CppCore/include/ConsoleUtils.hpp" />
		<Unit filename="CppCore/include/FileData.hpp" />
		<Unit filename="CppCore/include/ReadableWinAPI.hpp" />
		<Unit filename="CppCore/include/StringUtils.hpp" />
		<Unit filename="CppCore/src/BinaryData.cpp" />
		<Unit filename="CppCore/src/ConsoleInterface.cpp" />
		<Unit filename="CppCore/src/ConsoleUtils.cpp" />
		<Unit filename="CppCore/src/FileData.cpp" />
		<Unit filename="CppCore/src/StringUtils.cpp" />
		<Unit filename="main.cpp" />
		<Unit filename="scripts/Injector.cpp" />
		<Unit filename="scripts/Injector.hpp" />
		<Unit filename="scripts/Lexer.cpp" />
		<Unit filename="scripts/Lexer.hpp" />
		<Unit filename="scripts/Lexicon.cpp" />
		<Unit filename="scripts/Lexicon.hpp" />
		<Unit filename="scripts/Parser/Globals.cpp" />
		<Unit filename="scripts/Parser/Globals.hpp" />
		<Unit filename="scripts/Parser/Keyword.hpp" />
		<Unit filename="scripts/Parser/Punctator.hpp" />
		<Unit filename="scripts/Parser/Section.cpp" />
		<Unit filename="scripts/Parser/Section.hpp" />
		<Unit filename="scripts/Parser/Segment.cpp" />
		<Unit filename="scripts/Parser/Segment.hpp" />
		<Unit filename="scripts/Parser/Variable.cpp" />
		<Unit filename="scripts/Parser/Variable.hpp" />
		<Unit filename="scripts/Parser/_Parser.cpp" />
		<Unit filename="scripts/Parser/_Parser.hpp" />
		<Unit filename="scripts/StrUniLoadNumber.cpp" />
		<Unit filename="scripts/StrUniLoadNumber.hpp" />
		<Unit filename="scripts/Token.cpp" />
		<Unit filename="scripts/Token.hpp" />
		<Extensions />
	</Project>
</CodeBlocks_project_file>
